
Microsoft Visual Studio Solution File, Format Version 12.00
Project("{FAE04EC0-301F-11D3-BF4B-00C04F79EFBC}") = "ClientAttractionReviewAPI", "ClientAttractionReviewAPI\ClientAttractionReviewAPI.csproj", "{4D4B4E12-CC5B-4502-B5D9-B4E72EF30147}"
EndProject
Global
	GlobalSection(SolutionConfigurationPlatforms) = preSolution
		Debug|Any CPU = Debug|Any CPU
		Release|Any CPU = Release|Any CPU
	EndGlobalSection
	GlobalSection(ProjectConfigurationPlatforms) = postSolution
		{4D4B4E12-CC5B-4502-B5D9-B4E72EF30147}.Debug|Any CPU.ActiveCfg = Debug|Any CPU
		{4D4B4E12-CC5B-4502-B5D9-B4E72EF30147}.Debug|Any CPU.Build.0 = Debug|Any CPU
		{4D4B4E12-CC5B-4502-B5D9-B4E72EF30147}.Release|Any CPU.ActiveCfg = Release|Any CPU
		{4D4B4E12-CC5B-4502-B5D9-B4E72EF30147}.Release|Any CPU.Build.0 = Release|Any CPU
	EndGlobalSection
EndGlobal
